// !$*UTF8*$!
{
	archiveVersion = 1;
	classes = {
	};
	objectVersion = 46;
	objects = {

/* Begin PBXBuildFile section */
		9E4E1FCD1334142EEBBB8E83 /* libPods-OneForAll2017.a in Frameworks */ = {isa = PBXBuildFile; fileRef = 059518A6C8E61EFE3C95EECA /* libPods-OneForAll2017.a */; };
		D749C1161F29ED9F00DEF1F5 /* OneForAll2017Tests.m in Sources */ = {isa = PBXBuildFile; fileRef = D749C1151F29ED9F00DEF1F5 /* OneForAll2017Tests.m */; };
		D749C1211F29ED9F00DEF1F5 /* OneForAll2017UITests.m in Sources */ = {isa = PBXBuildFile; fileRef = D749C1201F29ED9F00DEF1F5 /* OneForAll2017UITests.m */; };
		D749C13A1F29EF9F00DEF1F5 /* AppDelegate.m in Sources */ = {isa = PBXBuildFile; fileRef = D749C1301F29EF9F00DEF1F5 /* AppDelegate.m */; };
		D749C13B1F29EF9F00DEF1F5 /* Assets.xcassets in Resources */ = {isa = PBXBuildFile; fileRef = D749C1311F29EF9F00DEF1F5 /* Assets.xcassets */; };
		D749C13C1F29EF9F00DEF1F5 /* LaunchScreen.storyboard in Resources */ = {isa = PBXBuildFile; fileRef = D749C1321F29EF9F00DEF1F5 /* LaunchScreen.storyboard */; };
		D749C13D1F29EF9F00DEF1F5 /* Main.storyboard in Resources */ = {isa = PBXBuildFile; fileRef = D749C1341F29EF9F00DEF1F5 /* Main.storyboard */; };
		D749C13E1F29EF9F00DEF1F5 /* Info.plist in Resources */ = {isa = PBXBuildFile; fileRef = D749C1361F29EF9F00DEF1F5 /* Info.plist */; };
		D749C13F1F29EF9F00DEF1F5 /* main.m in Sources */ = {isa = PBXBuildFile; fileRef = D749C1371F29EF9F00DEF1F5 /* main.m */; };
		D749C1401F29EF9F00DEF1F5 /* ViewController.m in Sources */ = {isa = PBXBuildFile; fileRef = D749C1391F29EF9F00DEF1F5 /* ViewController.m */; };
/* End PBXBuildFile section */

/* Begin PBXContainerItemProxy section */
		D749C1121F29ED9F00DEF1F5 /* PBXContainerItemProxy */ = {
			isa = PBXContainerItemProxy;
			containerPortal = D749C0F01F29ED9F00DEF1F5 /* Project object */;
			proxyType = 1;
			remoteGlobalIDString = D749C0F71F29ED9F00DEF1F5;
			remoteInfo = OneForAll2017;
		};
		D749C11D1F29ED9F00DEF1F5 /* PBXContainerItemProxy */ = {
			isa = PBXContainerItemProxy;
			containerPortal = D749C0F01F29ED9F00DEF1F5 /* Project object */;
			proxyType = 1;
			remoteGlobalIDString = D749C0F71F29ED9F00DEF1F5;
			remoteInfo = OneForAll2017;
		};
/* End PBXContainerItemProxy section */

/* Begin PBXFileReference section */
		059518A6C8E61EFE3C95EECA /* libPods-OneForAll2017.a */ = {isa = PBXFileReference; explicitFileType = archive.ar; includeInIndex = 0; path = "libPods-OneForAll2017.a"; sourceTree = BUILT_PRODUCTS_DIR; };
		3FBEC088764456B963E924A0 /* Pods-OneForAll2017.debug.xcconfig */ = {isa = PBXFileReference; includeInIndex = 1; lastKnownFileType = text.xcconfig; name = "Pods-OneForAll2017.debug.xcconfig"; path = "Pods/Target Support Files/Pods-OneForAll2017/Pods-OneForAll2017.debug.xcconfig"; sourceTree = "<group>"; };
		D749C0F81F29ED9F00DEF1F5 /* OneForAll2017.app */ = {isa = PBXFileReference; explicitFileType = wrapper.application; includeInIndex = 0; path = OneForAll2017.app; sourceTree = BUILT_PRODUCTS_DIR; };
		D749C1111F29ED9F00DEF1F5 /* OneForAll2017Tests.xctest */ = {isa = PBXFileReference; explicitFileType = wrapper.cfbundle; includeInIndex = 0; path = OneForAll2017Tests.xctest; sourceTree = BUILT_PRODUCTS_DIR; };
		D749C1151F29ED9F00DEF1F5 /* OneForAll2017Tests.m */ = {isa = PBXFileReference; lastKnownFileType = sourcecode.c.objc; path = OneForAll2017Tests.m; sourceTree = "<group>"; };
		D749C1171F29ED9F00DEF1F5 /* Info.plist */ = {isa = PBXFileReference; lastKnownFileType = text.plist.xml; path = Info.plist; sourceTree = "<group>"; };
		D749C11C1F29ED9F00DEF1F5 /* OneForAll2017UITests.xctest */ = {isa = PBXFileReference; explicitFileType = wrapper.cfbundle; includeInIndex = 0; path = OneForAll2017UITests.xctest; sourceTree = BUILT_PRODUCTS_DIR; };
		D749C1201F29ED9F00DEF1F5 /* OneForAll2017UITests.m */ = {isa = PBXFileReference; lastKnownFileType = sourcecode.c.objc; path = OneForAll2017UITests.m; sourceTree = "<group>"; };
		D749C1221F29ED9F00DEF1F5 /* Info.plist */ = {isa = PBXFileReference; lastKnownFileType = text.plist.xml; path = Info.plist; sourceTree = "<group>"; };
		D749C12F1F29EF9F00DEF1F5 /* AppDelegate.h */ = {isa = PBXFileReference; fileEncoding = 4; lastKnownFileType = sourcecode.c.h; path = AppDelegate.h; sourceTree = "<group>"; };
		D749C1301F29EF9F00DEF1F5 /* AppDelegate.m */ = {isa = PBXFileReference; fileEncoding = 4; lastKnownFileType = sourcecode.c.objc; path = AppDelegate.m; sourceTree = "<group>"; };
		D749C1311F29EF9F00DEF1F5 /* Assets.xcassets */ = {isa = PBXFileReference; lastKnownFileType = folder.assetcatalog; path = Assets.xcassets; sourceTree = "<group>"; };
		D749C1331F29EF9F00DEF1F5 /* Base */ = {isa = PBXFileReference; lastKnownFileType = file.storyboard; name = Base; path = Base.lproj/LaunchScreen.storyboard; sourceTree = "<group>"; };
		D749C1351F29EF9F00DEF1F5 /* Base */ = {isa = PBXFileReference; lastKnownFileType = file.storyboard; name = Base; path = Base.lproj/Main.storyboard; sourceTree = "<group>"; };
		D749C1361F29EF9F00DEF1F5 /* Info.plist */ = {isa = PBXFileReference; fileEncoding = 4; lastKnownFileType = text.plist.xml; path = Info.plist; sourceTree = "<group>"; };
		D749C1371F29EF9F00DEF1F5 /* main.m */ = {isa = PBXFileReference; fileEncoding = 4; lastKnownFileType = sourcecode.c.objc; path = main.m; sourceTree = "<group>"; };
		D749C1381F29EF9F00DEF1F5 /* ViewController.h */ = {isa = PBXFileReference; fileEncoding = 4; lastKnownFileType = sourcecode.c.h; path = ViewController.h; sourceTree = "<group>"; };
		D749C1391F29EF9F00DEF1F5 /* ViewController.m */ = {isa = PBXFileReference; fileEncoding = 4; lastKnownFileType = sourcecode.c.objc; path = ViewController.m; sourceTree = "<group>"; };
		E605ECD75EB36E56F4F0F1B5 /* Pods-OneForAll2017.release.xcconfig */ = {isa = PBXFileReference; includeInIndex = 1; lastKnownFileType = text.xcconfig; name = "Pods-OneForAll2017.release.xcconfig"; path = "Pods/Target Support Files/Pods-OneForAll2017/Pods-OneForAll2017.release.xcconfig"; sourceTree = "<group>"; };
/* End PBXFileReference section */

/* Begin PBXFrameworksBuildPhase section */
		D749C0F51F29ED9F00DEF1F5 /* Frameworks */ = {
			isa = PBXFrameworksBuildPhase;
			buildActionMask = 2147483647;
			files = (
				9E4E1FCD1334142EEBBB8E83 /* libPods-OneForAll2017.a in Frameworks */,
			);
			runOnlyForDeploymentPostprocessing = 0;
		};
		D749C10E1F29ED9F00DEF1F5 /* Frameworks */ = {
			isa = PBXFrameworksBuildPhase;
			buildActionMask = 2147483647;
			files = (
			);
			runOnlyForDeploymentPostprocessing = 0;
		};
		D749C1191F29ED9F00DEF1F5 /* Frameworks */ = {
			isa = PBXFrameworksBuildPhase;
			buildActionMask = 2147483647;
			files = (
			);
			runOnlyForDeploymentPostprocessing = 0;
		};
/* End PBXFrameworksBuildPhase section */

/* Begin PBXGroup section */
		12E2D19DB6D3D94A7280082F /* Frameworks */ = {
			isa = PBXGroup;
			children = (
				059518A6C8E61EFE3C95EECA /* libPods-OneForAll2017.a */,
			);
			name = Frameworks;
			sourceTree = "<group>";
		};
		A7850D1723E3A2EC6202AD4E /* Pods */ = {
			isa = PBXGroup;
			children = (
				3FBEC088764456B963E924A0 /* Pods-OneForAll2017.debug.xcconfig */,
				E605ECD75EB36E56F4F0F1B5 /* Pods-OneForAll2017.release.xcconfig */,
			);
			name = Pods;
			sourceTree = "<group>";
		};
		D749C0EF1F29ED9F00DEF1F5 = {
			isa = PBXGroup;
			children = (
				D749C0FA1F29ED9F00DEF1F5 /* OneForAll2017 */,
				D749C1141F29ED9F00DEF1F5 /* OneForAll2017Tests */,
				D749C11F1F29ED9F00DEF1F5 /* OneForAll2017UITests */,
				D749C0F91F29ED9F00DEF1F5 /* Products */,
				A7850D1723E3A2EC6202AD4E /* Pods */,
				12E2D19DB6D3D94A7280082F /* Frameworks */,
			);
			sourceTree = "<group>";
		};
		D749C0F91F29ED9F00DEF1F5 /* Products */ = {
			isa = PBXGroup;
			children = (
				D749C0F81F29ED9F00DEF1F5 /* OneForAll2017.app */,
				D749C1111F29ED9F00DEF1F5 /* OneForAll2017Tests.xctest */,
				D749C11C1F29ED9F00DEF1F5 /* OneForAll2017UITests.xctest */,
			);
			name = Products;
			sourceTree = "<group>";
		};
		D749C0FA1F29ED9F00DEF1F5 /* OneForAll2017 */ = {
			isa = PBXGroup;
			children = (
				D749C12E1F29EF9F00DEF1F5 /* SYS */,
			);
			path = OneForAll2017;
			sourceTree = "<group>";
		};
		D749C1141F29ED9F00DEF1F5 /* OneForAll2017Tests */ = {
			isa = PBXGroup;
			children = (
				D749C1151F29ED9F00DEF1F5 /* OneForAll2017Tests.m */,
				D749C1171F29ED9F00DEF1F5 /* Info.plist */,
			);
			path = OneForAll2017Tests;
			sourceTree = "<group>";
		};
		D749C11F1F29ED9F00DEF1F5 /* OneForAll2017UITests */ = {
			isa = PBXGroup;
			children = (
				D749C1201F29ED9F00DEF1F5 /* OneForAll2017UITests.m */,
				D749C1221F29ED9F00DEF1F5 /* Info.plist */,
			);
			path = OneForAll2017UITests;
			sourceTree = "<group>";
		};
		D749C12E1F29EF9F00DEF1F5 /* SYS */ = {
			isa = PBXGroup;
			children = (
				D749C12F1F29EF9F00DEF1F5 /* AppDelegate.h */,
				D749C1301F29EF9F00DEF1F5 /* AppDelegate.m */,
				D749C1311F29EF9F00DEF1F5 /* Assets.xcassets */,
				D749C1321F29EF9F00DEF1F5 /* LaunchScreen.storyboard */,
				D749C1341F29EF9F00DEF1F5 /* Main.storyboard */,
				D749C1361F29EF9F00DEF1F5 /* Info.plist */,
				D749C1371F29EF9F00DEF1F5 /* main.m */,
				D749C1381F29EF9F00DEF1F5 /* ViewController.h */,
				D749C1391F29EF9F00DEF1F5 /* ViewController.m */,
			);
			path = SYS;
			sourceTree = "<group>";
		};
/* End PBXGroup section */

/* Begin PBXNativeTarget section */
		D749C0F71F29ED9F00DEF1F5 /* OneForAll2017 */ = {
			isa = PBXNativeTarget;
			buildConfigurationList = D749C1251F29ED9F00DEF1F5 /* Build configuration list for PBXNativeTarget "OneForAll2017" */;
			buildPhases = (
				2FE0927AD40FEBB540BBA241 /* [CP] Check Pods Manifest.lock */,
				D749C0F41F29ED9F00DEF1F5 /* Sources */,
				D749C0F51F29ED9F00DEF1F5 /* Frameworks */,
				D749C0F61F29ED9F00DEF1F5 /* Resources */,
				EA361F8CB27E749C1B0A70C4 /* [CP] Embed Pods Frameworks */,
				FCAADB42D0CBC8F939BFE712 /* [CP] Copy Pods Resources */,
			);
			buildRules = (
			);
			dependencies = (
			);
			name = OneForAll2017;
			productName = OneForAll2017;
			productReference = D749C0F81F29ED9F00DEF1F5 /* OneForAll2017.app */;
			productType = "com.apple.product-type.application";
		};
		D749C1101F29ED9F00DEF1F5 /* OneForAll2017Tests */ = {
			isa = PBXNativeTarget;
			buildConfigurationList = D749C1281F29ED9F00DEF1F5 /* Build configuration list for PBXNativeTarget "OneForAll2017Tests" */;
			buildPhases = (
				D749C10D1F29ED9F00DEF1F5 /* Sources */,
				D749C10E1F29ED9F00DEF1F5 /* Frameworks */,
				D749C10F1F29ED9F00DEF1F5 /* Resources */,
			);
			buildRules = (
			);
			dependencies = (
				D749C1131F29ED9F00DEF1F5 /* PBXTargetDependency */,
			);
			name = OneForAll2017Tests;
			productName = OneForAll2017Tests;
			productReference = D749C1111F29ED9F00DEF1F5 /* OneForAll2017Tests.xctest */;
			productType = "com.apple.product-type.bundle.unit-test";
		};
		D749C11B1F29ED9F00DEF1F5 /* OneForAll2017UITests */ = {
			isa = PBXNativeTarget;
			buildConfigurationList = D749C12B1F29ED9F00DEF1F5 /* Build configuration list for PBXNativeTarget "OneForAll2017UITests" */;
			buildPhases = (
				D749C1181F29ED9F00DEF1F5 /* Sources */,
				D749C1191F29ED9F00DEF1F5 /* Frameworks */,
				D749C11A1F29ED9F00DEF1F5 /* Resources */,
			);
			buildRules = (
			);
			dependencies = (
				D749C11E1F29ED9F00DEF1F5 /* PBXTargetDependency */,
			);
			name = OneForAll2017UITests;
			productName = OneForAll2017UITests;
			productReference = D749C11C1F29ED9F00DEF1F5 /* OneForAll2017UITests.xctest */;
			productType = "com.apple.product-type.bundle.ui-testing";
		};
/* End PBXNativeTarget section */

/* Begin PBXProject section */
		D749C0F01F29ED9F00DEF1F5 /* Project object */ = {
			isa = PBXProject;
			attributes = {
				LastUpgradeCheck = 0830;
				ORGANIZATIONNAME = Joseph;
				TargetAttributes = {
					D749C0F71F29ED9F00DEF1F5 = {
						CreatedOnToolsVersion = 8.3.3;
						DevelopmentTeam = FFETRTA257;
						ProvisioningStyle = Automatic;
					};
					D749C1101F29ED9F00DEF1F5 = {
						CreatedOnToolsVersion = 8.3.3;
						DevelopmentTeam = FFETRTA257;
						ProvisioningStyle = Automatic;
						TestTargetID = D749C0F71F29ED9F00DEF1F5;
					};
					D749C11B1F29ED9F00DEF1F5 = {
						CreatedOnToolsVersion = 8.3.3;
						DevelopmentTeam = FFETRTA257;
						ProvisioningStyle = Automatic;
						TestTargetID = D749C0F71F29ED9F00DEF1F5;
					};
				};
			};
			buildConfigurationList = D749C0F31F29ED9F00DEF1F5 /* Build configuration list for PBXProject "OneForAll2017" */;
			compatibilityVersion = "Xcode 3.2";
			developmentRegion = English;
			hasScannedForEncodings = 0;
			knownRegions = (
				en,
				Base,
			);
			mainGroup = D749C0EF1F29ED9F00DEF1F5;
			productRefGroup = D749C0F91F29ED9F00DEF1F5 /* Products */;
			projectDirPath = "";
			projectRoot = "";
			targets = (
				D749C0F71F29ED9F00DEF1F5 /* OneForAll2017 */,
				D749C1101F29ED9F00DEF1F5 /* OneForAll2017Tests */,
				D749C11B1F29ED9F00DEF1F5 /* OneForAll2017UITests */,
			);
		};
/* End PBXProject section */

/* Begin PBXResourcesBuildPhase section */
		D749C0F61F29ED9F00DEF1F5 /* Resources */ = {
			isa = PBXResourcesBuildPhase;
			buildActionMask = 2147483647;
			files = (
				D749C13E1F29EF9F00DEF1F5 /* Info.plist in Resources */,
				D749C13D1F29EF9F00DEF1F5 /* Main.storyboard in Resources */,
				D749C13B1F29EF9F00DEF1F5 /* Assets.xcassets in Resources */,
				D749C13C1F29EF9F00DEF1F5 /* LaunchScreen.storyboard in Resources */,
			);
			runOnlyForDeploymentPostprocessing = 0;
		};
		D749C10F1F29ED9F00DEF1F5 /* Resources */ = {
			isa = PBXResourcesBuildPhase;
			buildActionMask = 2147483647;
			files = (
			);
			runOnlyForDeploymentPostprocessing = 0;
		};
		D749C11A1F29ED9F00DEF1F5 /* Resources */ = {
			isa = PBXResourcesBuildPhase;
			buildActionMask = 2147483647;
			files = (
			);
			runOnlyForDeploymentPostprocessing = 0;
		};
/* End PBXResourcesBuildPhase section */

/* Begin PBXShellScriptBuildPhase section */
		2FE0927AD40FEBB540BBA241 /* [CP] Check Pods Manifest.lock */ = {
			isa = PBXShellScriptBuildPhase;
			buildActionMask = 2147483647;
			files = (
			);
			inputPaths = (
			);
			name = "[CP] Check Pods Manifest.lock";
			outputPaths = (
			);
			runOnlyForDeploymentPostprocessing = 0;
			shellPath = /bin/sh;
			shellScript = "diff \"${PODS_ROOT}/../Podfile.lock\" \"${PODS_ROOT}/Manifest.lock\" > /dev/null\nif [ $? != 0 ] ; then\n    # print error to STDERR\n    echo \"error: The sandbox is not in sync with the Podfile.lock. Run 'pod install' or update your CocoaPods installation.\" >&2\n    exit 1\nfi\n";
			showEnvVarsInLog = 0;
		};
		EA361F8CB27E749C1B0A70C4 /* [CP] Embed Pods Frameworks */ = {
			isa = PBXShellScriptBuildPhase;
			buildActionMask = 2147483647;
			files = (
			);
			inputPaths = (
			);
			name = "[CP] Embed Pods Frameworks";
			outputPaths = (
			);
			runOnlyForDeploymentPostprocessing = 0;
			shellPath = /bin/sh;
			shellScript = "\"${SRCROOT}/Pods/Target Support Files/Pods-OneForAll2017/Pods-OneForAll2017-frameworks.sh\"\n";
			showEnvVarsInLog = 0;
		};
		FCAADB42D0CBC8F939BFE712 /* [CP] Copy Pods Resources */ = {
			isa = PBXShellScriptBuildPhase;
			buildActionMask = 2147483647;
			files = (
			);
			inputPaths = (
			);
			name = "[CP] Copy Pods Resources";
			outputPaths = (
			);
			runOnlyForDeploymentPostprocessing = 0;
			shellPath = /bin/sh;
			shellScript = "\"${SRCROOT}/Pods/Target Support Files/Pods-OneForAll2017/Pods-OneForAll2017-resources.sh\"\n";
			showEnvVarsInLog = 0;
		};
/* End PBXShellScriptBuildPhase section */

/* Begin PBXSourcesBuildPhase section */
		D749C0F41F29ED9F00DEF1F5 /* Sources */ = {
			isa = PBXSourcesBuildPhase;
			buildActionMask = 2147483647;
			files = (
				D749C1401F29EF9F00DEF1F5 /* ViewController.m in Sources */,
				D749C13F1F29EF9F00DEF1F5 /* main.m in Sources */,
				D749C13A1F29EF9F00DEF1F5 /* AppDelegate.m in Sources */,
			);
			runOnlyForDeploymentPostprocessing = 0;
		};
		D749C10D1F29ED9F00DEF1F5 /* Sources */ = {
			isa = PBXSourcesBuildPhase;
			buildActionMask = 2147483647;
			files = (
				D749C1161F29ED9F00DEF1F5 /* OneForAll2017Tests.m in Sources */,
			);
			runOnlyForDeploymentPostprocessing = 0;
		};
		D749C1181F29ED9F00DEF1F5 /* Sources */ = {
			isa = PBXSourcesBuildPhase;
			buildActionMask = 2147483647;
			files = (
				D749C1211F29ED9F00DEF1F5 /* OneForAll2017UITests.m in Sources */,
			);
			runOnlyForDeploymentPostprocessing = 0;
		};
/* End PBXSourcesBuildPhase section */

/* Begin PBXTargetDependency section */
		D749C1131F29ED9F00DEF1F5 /* PBXTargetDependency */ = {
			isa = PBXTargetDependency;
			target = D749C0F71F29ED9F00DEF1F5 /* OneForAll2017 */;
			targetProxy = D749C1121F29ED9F00DEF1F5 /* PBXContainerItemProxy */;
		};
		D749C11E1F29ED9F00DEF1F5 /* PBXTargetDependency */ = {
			isa = PBXTargetDependency;
			target = D749C0F71F29ED9F00DEF1F5 /* OneForAll2017 */;
			targetProxy = D749C11D1F29ED9F00DEF1F5 /* PBXContainerItemProxy */;
		};
/* End PBXTargetDependency section */

/* Begin PBXVariantGroup section */
		D749C1321F29EF9F00DEF1F5 /* LaunchScreen.storyboard */ = {
			isa = PBXVariantGroup;
			children = (
				D749C1331F29EF9F00DEF1F5 /* Base */,
			);
			name = LaunchScreen.storyboard;
			sourceTree = "<group>";
		};
		D749C1341F29EF9F00DEF1F5 /* Main.storyboard */ = {
			isa = PBXVariantGroup;
			children = (
				D749C1351F29EF9F00DEF1F5 /* Base */,
			);
			name = Main.storyboard;
			sourceTree = "<group>";
		};
/* End PBXVariantGroup section */

/* Begin XCBuildConfiguration section */
		D749C1231F29ED9F00DEF1F5 /* Debug */ = {
			isa = XCBuildConfiguration;
			buildSettings = {
				ALWAYS_SEARCH_USER_PATHS = NO;
				CLANG_ANALYZER_NONNULL = YES;
				CLANG_ANALYZER_NUMBER_OBJECT_CONVERSION = YES_AGGRESSIVE;
				CLANG_CXX_LANGUAGE_STANDARD = "gnu++0x";
				CLANG_CXX_LIBRARY = "libc++";
				CLANG_ENABLE_MODULES = YES;
				CLANG_ENABLE_OBJC_ARC = YES;
				CLANG_WARN_BOOL_CONVERSION = YES;
				CLANG_WARN_CONSTANT_CONVERSION = YES;
				CLANG_WARN_DIRECT_OBJC_ISA_USAGE = YES_ERROR;
				CLANG_WARN_DOCUMENTATION_COMMENTS = YES;
				CLANG_WARN_EMPTY_BODY = YES;
				CLANG_WARN_ENUM_CONVERSION = YES;
				CLANG_WARN_INFINITE_RECURSION = YES;
				CLANG_WARN_INT_CONVERSION = YES;
				CLANG_WARN_OBJC_ROOT_CLASS = YES_ERROR;
				CLANG_WARN_SUSPICIOUS_MOVE = YES;
				CLANG_WARN_UNREACHABLE_CODE = YES;
				CLANG_WARN__DUPLICATE_METHOD_MATCH = YES;
				"CODE_SIGN_IDENTITY[sdk=iphoneos*]" = "iPhone Developer";
				COPY_PHASE_STRIP = NO;
				DEBUG_INFORMATION_FORMAT = dwarf;
				ENABLE_STRICT_OBJC_MSGSEND = YES;
				ENABLE_TESTABILITY = YES;
				GCC_C_LANGUAGE_STANDARD = gnu99;
				GCC_DYNAMIC_NO_PIC = NO;
				GCC_NO_COMMON_BLOCKS = YES;
				GCC_OPTIMIZATION_LEVEL = 0;
				GCC_PREPROCESSOR_DEFINITIONS = (
					"DEBUG=1",
					"$(inherited)",
				);
				GCC_WARN_64_TO_32_BIT_CONVERSION = YES;
				GCC_WARN_ABOUT_RETURN_TYPE = YES_ERROR;
				GCC_WARN_UNDECLARED_SELECTOR = YES;
				GCC_WARN_UNINITIALIZED_AUTOS = YES_AGGRESSIVE;
				GCC_WARN_UNUSED_FUNCTION = YES;
				GCC_WARN_UNUSED_VARIABLE = YES;
				IPHONEOS_DEPLOYMENT_TARGET = 10.3;
				MTL_ENABLE_DEBUG_INFO = YES;
				ONLY_ACTIVE_ARCH = YES;
				SDKROOT = iphoneos;
				TARGETED_DEVICE_FAMILY = "1,2";
			};
			name = Debug;
		};
		D749C1241F29ED9F00DEF1F5 /* Release */ = {
			isa = XCBuildConfiguration;
			buildSettings = {
				ALWAYS_SEARCH_USER_PATHS = NO;
				CLANG_ANALYZER_NONNULL = YES;
				CLANG_ANALYZER_NUMBER_OBJECT_CONVERSION = YES_AGGRESSIVE;
				CLANG_CXX_LANGUAGE_STANDARD = "gnu++0x";
				CLANG_CXX_LIBRARY = "libc++";
				CLANG_ENABLE_MODULES = YES;
				CLANG_ENABLE_OBJC_ARC = YES;
				CLANG_WARN_BOOL_CONVERSION = YES;
				CLANG_WARN_CONSTANT_CONVERSION = YES;
				CLANG_WARN_DIRECT_OBJC_ISA_USAGE = YES_ERROR;
				CLANG_WARN_DOCUMENTATION_COMMENTS = YES;
				CLANG_WARN_EMPTY_BODY = YES;
				CLANG_WARN_ENUM_CONVERSION = YES;
				CLANG_WARN_INFINITE_RECURSION = YES;
				CLANG_WARN_INT_CONVERSION = YES;
				CLANG_WARN_OBJC_ROOT_CLASS = YES_ERROR;
				CLANG_WARN_SUSPICIOUS_MOVE = YES;
				CLANG_WARN_UNREACHABLE_CODE = YES;
				CLANG_WARN__DUPLICATE_METHOD_MATCH = YES;
				"CODE_SIGN_IDENTITY[sdk=iphoneos*]" = "iPhone Developer";
				COPY_PHASE_STRIP = NO;
				DEBUG_INFORMATION_FORMAT = "dwarf-with-dsym";
				ENABLE_NS_ASSERTIONS = NO;
				ENABLE_STRICT_OBJC_MSGSEND = YES;
				GCC_C_LANGUAGE_STANDARD = gnu99;
				GCC_NO_COMMON_BLOCKS = YES;
				GCC_WARN_64_TO_32_BIT_CONVERSION = YES;
				GCC_WARN_ABOUT_RETURN_TYPE = YES_ERROR;
				GCC_WARN_UNDECLARED_SELECTOR = YES;
				GCC_WARN_UNINITIALIZED_AUTOS = YES_AGGRESSIVE;
				GCC_WARN_UNUSED_FUNCTION = YES;
				GCC_WARN_UNUSED_VARIABLE = YES;
				IPHONEOS_DEPLOYMENT_TARGET = 10.3;
				MTL_ENABLE_DEBUG_INFO = NO;
				SDKROOT = iphoneos;
				TARGETED_DEVICE_FAMILY = "1,2";
				VALIDATE_PRODUCT = YES;
			};
			name = Release;
		};
		D749C1261F29ED9F00DEF1F5 /* Debug */ = {
			isa = XCBuildConfiguration;
			baseConfigurationReference = 3FBEC088764456B963E924A0 /* Pods-OneForAll2017.debug.xcconfig */;
			buildSettings = {
				ASSETCATALOG_COMPILER_APPICON_NAME = AppIcon;
				DEVELOPMENT_TEAM = FFETRTA257;
				INFOPLIST_FILE = "$(SRCROOT)/OneForAll2017/SYS/Info.plist";
				LD_RUNPATH_SEARCH_PATHS = "$(inherited) @executable_path/Frameworks";
				PRODUCT_BUNDLE_IDENTIFIER = com.LassZhang.OneForAll2017;
				PRODUCT_NAME = "$(TARGET_NAME)";
			};
			name = Debug;
		};
		D749C1271F29ED9F00DEF1F5 /* Release */ = {
			isa = XCBuildConfiguration;
			baseConfigurationReference = E605ECD75EB36E56F4F0F1B5 /* Pods-OneForAll2017.release.xcconfig */;
			buildSettings = {
				ASSETCATALOG_COMPILER_APPICON_NAME = AppIcon;
				DEVELOPMENT_TEAM = FFETRTA257;
				INFOPLIST_FILE = "$(SRCROOT)/OneForAll2017/SYS/Info.plist";
				LD_RUNPATH_SEARCH_PATHS = "$(inherited) @executable_path/Frameworks";
				PRODUCT_BUNDLE_IDENTIFIER = com.LassZhang.OneForAll2017;
				PRODUCT_NAME = "$(TARGET_NAME)";
			};
			name = Release;
		};
		D749C1291F29ED9F00DEF1F5 /* Debug */ = {
			isa = XCBuildConfiguration;
			buildSettings = {
				BUNDLE_LOADER = "$(TEST_HOST)";
				DEVELOPMENT_TEAM = FFETRTA257;
				INFOPLIST_FILE = OneForAll2017Tests/Info.plist;
				LD_RUNPATH_SEARCH_PATHS = "$(inherited) @executable_path/Frameworks @loader_path/Frameworks";
				PRODUCT_BUNDLE_IDENTIFIER = com.LassZhang.OneForAll2017Tests;
				PRODUCT_NAME = "$(TARGET_NAME)";
				TEST_HOST = "$(BUILT_PRODUCTS_DIR)/OneForAll2017.app/OneForAll2017";
			};
			name = Debug;
		};
		D749C12A1F29ED9F00DEF1F5 /* Release */ = {
			isa = XCBuildConfiguration;
			buildSettings = {
				BUNDLE_LOADER = "$(TEST_HOST)";
				DEVELOPMENT_TEAM = FFETRTA257;
				INFOPLIST_FILE = OneForAll2017Tests/Info.plist;
				LD_RUNPATH_SEARCH_PATHS = "$(inherited) @executable_path/Frameworks @loader_path/Frameworks";
				PRODUCT_BUNDLE_IDENTIFIER = com.LassZhang.OneForAll2017Tests;
				PRODUCT_NAME = "$(TARGET_NAME)";
				TEST_HOST = "$(BUILT_PRODUCTS_DIR)/OneForAll2017.app/OneForAll2017";
			};
			name = Release;
		};
		D749C12C1F29ED9F00DEF1F5 /* Debug */ = {
			isa = XCBuildConfiguration;
			buildSettings = {
				DEVELOPMENT_TEAM = FFETRTA257;
				INFOPLIST_FILE = OneForAll2017UITests/Info.plist;
				LD_RUNPATH_SEARCH_PATHS = "$(inherited) @executable_path/Frameworks @loader_path/Frameworks";
				PRODUCT_BUNDLE_IDENTIFIER = com.LassZhang.OneForAll2017UITests;
				PRODUCT_NAME = "$(TARGET_NAME)";
				TEST_TARGET_NAME = OneForAll2017;
			};
			name = Debug;
		};
		D749C12D1F29ED9F00DEF1F5 /* Release */ = {
			isa = XCBuildConfiguration;
			buildSettings = {
				DEVELOPMENT_TEAM = FFETRTA257;
				INFOPLIST_FILE = OneForAll2017UITests/Info.plist;
				LD_RUNPATH_SEARCH_PATHS = "$(inherited) @executable_path/Frameworks @loader_path/Frameworks";
				PRODUCT_BUNDLE_IDENTIFIER = com.LassZhang.OneForAll2017UITests;
				PRODUCT_NAME = "$(TARGET_NAME)";
				TEST_TARGET_NAME = OneForAll2017;
			};
			name = Release;
		};
/* End XCBuildConfiguration section */

/* Begin XCConfigurationList section */
		D749C0F31F29ED9F00DEF1F5 /* Build configuration list for PBXProject "OneForAll2017" */ = {
			isa = XCConfigurationList;
			buildConfigurations = (
				D749C1231F29ED9F00DEF1F5 /* Debug */,
				D749C1241F29ED9F00DEF1F5 /* Release */,
			);
			defaultConfigurationIsVisible = 0;
			defaultConfigurationName = Release;
		};
		D749C1251F29ED9F00DEF1F5 /* Build configuration list for PBXNativeTarget "OneForAll2017" */ = {
			isa = XCConfigurationList;
			buildConfigurations = (
				D749C1261F29ED9F00DEF1F5 /* Debug */,
				D749C1271F29ED9F00DEF1F5 /* Release */,
			);
			defaultConfigurationIsVisible = 0;
			defaultConfigurationName = Release;
		};
		D749C1281F29ED9F00DEF1F5 /* Build configuration list for PBXNativeTarget "OneForAll2017Tests" */ = {
			isa = XCConfigurationList;
			buildConfigurations = (
				D749C1291F29ED9F00DEF1F5 /* Debug */,
				D749C12A1F29ED9F00DEF1F5 /* Release */,
			);
			defaultConfigurationIsVisible = 0;
			defaultConfigurationName = Release;
		};
		D749C12B1F29ED9F00DEF1F5 /* Build configuration list for PBXNativeTarget "OneForAll2017UITests" */ = {
			isa = XCConfigurationList;
			buildConfigurations = (
				D749C12C1F29ED9F00DEF1F5 /* Debug */,
				D749C12D1F29ED9F00DEF1F5 /* Release */,
			);
			defaultConfigurationIsVisible = 0;
			defaultConfigurationName = Release;
		};
/* End XCConfigurationList section */
	};
	rootObject = D749C0F01F29ED9F00DEF1F5 /* Project object */;
}
